
Microsoft Visual Studio Solution File, Format Version 12.00
# Visual Studio 15
VisualStudioVersion = 15.0.28307.539
MinimumVisualStudioVersion = 10.0.40219.1
Project("{FAE04EC0-301F-11D3-BF4B-00C04F79EFBC}") = "StoreManagingApp", "StoreManagingApp\StoreManagingApp.csproj", "{99B959D9-4F3D-4B96-B604-DDE3AB34BF55}"
EndProject
Project("{FAE04EC0-301F-11D3-BF4B-00C04F79EFBC}") = "StoreManagement.Model", "StoreManagement.Model\StoreManagement.Model.csproj", "{A0ECB095-946F-463D-A0E2-2233EFAE6B88}"
EndProject
Global
	GlobalSection(SolutionConfigurationPlatforms) = preSolution
		Debug|Any CPU = Debug|Any CPU
		Release|Any CPU = Release|Any CPU
	EndGlobalSection
	GlobalSection(ProjectConfigurationPlatforms) = postSolution
		{99B959D9-4F3D-4B96-B604-DDE3AB34BF55}.Debug|Any CPU.ActiveCfg = Debug|Any CPU
		{99B959D9-4F3D-4B96-B604-DDE3AB34BF55}.Debug|Any CPU.Build.0 = Debug|Any CPU
		{99B959D9-4F3D-4B96-B604-DDE3AB34BF55}.Release|Any CPU.ActiveCfg = Release|Any CPU
		{99B959D9-4F3D-4B96-B604-DDE3AB34BF55}.Release|Any CPU.Build.0 = Release|Any CPU
		{A0ECB095-946F-463D-A0E2-2233EFAE6B88}.Debug|Any CPU.ActiveCfg = Debug|Any CPU
		{A0ECB095-946F-463D-A0E2-2233EFAE6B88}.Debug|Any CPU.Build.0 = Debug|Any CPU
		{A0ECB095-946F-463D-A0E2-2233EFAE6B88}.Release|Any CPU.ActiveCfg = Release|Any CPU
		{A0ECB095-946F-463D-A0E2-2233EFAE6B88}.Release|Any CPU.Build.0 = Release|Any CPU
	EndGlobalSection
	GlobalSection(SolutionProperties) = preSolution
		HideSolutionNode = FALSE
	EndGlobalSection
	GlobalSection(ExtensibilityGlobals) = postSolution
		SolutionGuid = {16604549-E96D-488A-B69F-329F4C4D12C2}
	EndGlobalSection
EndGlobal
